// !$*UTF8*$!
{
	archiveVersion = 1;
	classes = {
	};
	objectVersion = 56;
	objects = {

/* Begin PBXBuildFile section */
		CC8B3F692AB4641800318BB2 /* ViewModel.swift in Sources */ = {isa = PBXBuildFile; fileRef = CC8B3F682AB4641800318BB2 /* ViewModel.swift */; };
		CCD03E0E2AB43FEA003E3579 /* AppDelegate.swift in Sources */ = {isa = PBXBuildFile; fileRef = CCD03E0D2AB43FEA003E3579 /* AppDelegate.swift */; };
		CCD03E102AB43FEA003E3579 /* SceneDelegate.swift in Sources */ = {isa = PBXBuildFile; fileRef = CCD03E0F2AB43FEA003E3579 /* SceneDelegate.swift */; };
		CCD03E122AB43FEA003E3579 /* ViewController.swift in Sources */ = {isa = PBXBuildFile; fileRef = CCD03E112AB43FEA003E3579 /* ViewController.swift */; };
		CCD03E152AB43FEA003E3579 /* Main.storyboard in Resources */ = {isa = PBXBuildFile; fileRef = CCD03E132AB43FEA003E3579 /* Main.storyboard */; };
		CCD03E172AB43FEB003E3579 /* Assets.xcassets in Resources */ = {isa = PBXBuildFile; fileRef = CCD03E162AB43FEB003E3579 /* Assets.xcassets */; };
		CCD03E1A2AB43FEB003E3579 /* LaunchScreen.storyboard in Resources */ = {isa = PBXBuildFile; fileRef = CCD03E182AB43FEB003E3579 /* LaunchScreen.storyboard */; };
		CCD03E282AB44A2E003E3579 /* Person.swift in Sources */ = {isa = PBXBuildFile; fileRef = CCD03E272AB44A2E003E3579 /* Person.swift */; };
		CCD03E2A2AB44A3D003E3579 /* Planet.swift in Sources */ = {isa = PBXBuildFile; fileRef = CCD03E292AB44A3D003E3579 /* Planet.swift */; };
		CCD03E2C2AB44A4E003E3579 /* Gender.swift in Sources */ = {isa = PBXBuildFile; fileRef = CCD03E2B2AB44A4E003E3579 /* Gender.swift */; };
		CCD03E2E2AB44A5D003E3579 /* ServiceProtocol.swift in Sources */ = {isa = PBXBuildFile; fileRef = CCD03E2D2AB44A5D003E3579 /* ServiceProtocol.swift */; };
		CCD03E342AB44AD6003E3579 /* ServiceCategory.swift in Sources */ = {isa = PBXBuildFile; fileRef = CCD03E332AB44AD6003E3579 /* ServiceCategory.swift */; };
		CCD03E362AB44B30003E3579 /* ServiceError.swift in Sources */ = {isa = PBXBuildFile; fileRef = CCD03E352AB44B30003E3579 /* ServiceError.swift */; };
		CCD03E382AB44B4D003E3579 /* ServiceResponse.swift in Sources */ = {isa = PBXBuildFile; fileRef = CCD03E372AB44B4D003E3579 /* ServiceResponse.swift */; };
		CCD03E3B2AB44B8E003E3579 /* PeopleServices.swift in Sources */ = {isa = PBXBuildFile; fileRef = CCD03E3A2AB44B8E003E3579 /* PeopleServices.swift */; };
		CCD03E3D2AB44B9C003E3579 /* PlanetServices.swift in Sources */ = {isa = PBXBuildFile; fileRef = CCD03E3C2AB44B9C003E3579 /* PlanetServices.swift */; };
		CCD03E3F2AB44BB1003E3579 /* Services.swift in Sources */ = {isa = PBXBuildFile; fileRef = CCD03E3E2AB44BB1003E3579 /* Services.swift */; };
		CCD03E412AB45505003E3579 /* PlanetContainer.swift in Sources */ = {isa = PBXBuildFile; fileRef = CCD03E402AB45505003E3579 /* PlanetContainer.swift */; };
		CCD03E432AB45D55003E3579 /* EnumParser.swift in Sources */ = {isa = PBXBuildFile; fileRef = CCD03E422AB45D55003E3579 /* EnumParser.swift */; };
/* End PBXBuildFile section */

/* Begin PBXFileReference section */
		CC8B3F682AB4641800318BB2 /* ViewModel.swift */ = {isa = PBXFileReference; lastKnownFileType = sourcecode.swift; path = ViewModel.swift; sourceTree = "<group>"; };
		CCD03E0A2AB43FEA003E3579 /* WorkshopApp.app */ = {isa = PBXFileReference; explicitFileType = wrapper.application; includeInIndex = 0; path = WorkshopApp.app; sourceTree = BUILT_PRODUCTS_DIR; };
		CCD03E0D2AB43FEA003E3579 /* AppDelegate.swift */ = {isa = PBXFileReference; lastKnownFileType = sourcecode.swift; path = AppDelegate.swift; sourceTree = "<group>"; };
		CCD03E0F2AB43FEA003E3579 /* SceneDelegate.swift */ = {isa = PBXFileReference; lastKnownFileType = sourcecode.swift; path = SceneDelegate.swift; sourceTree = "<group>"; };
		CCD03E112AB43FEA003E3579 /* ViewController.swift */ = {isa = PBXFileReference; lastKnownFileType = sourcecode.swift; path = ViewController.swift; sourceTree = "<group>"; };
		CCD03E142AB43FEA003E3579 /* Base */ = {isa = PBXFileReference; lastKnownFileType = file.storyboard; name = Base; path = Base.lproj/Main.storyboard; sourceTree = "<group>"; };
		CCD03E162AB43FEB003E3579 /* Assets.xcassets */ = {isa = PBXFileReference; lastKnownFileType = folder.assetcatalog; path = Assets.xcassets; sourceTree = "<group>"; };
		CCD03E192AB43FEB003E3579 /* Base */ = {isa = PBXFileReference; lastKnownFileType = file.storyboard; name = Base; path = Base.lproj/LaunchScreen.storyboard; sourceTree = "<group>"; };
		CCD03E1B2AB43FEB003E3579 /* Info.plist */ = {isa = PBXFileReference; lastKnownFileType = text.plist.xml; path = Info.plist; sourceTree = "<group>"; };
		CCD03E272AB44A2E003E3579 /* Person.swift */ = {isa = PBXFileReference; lastKnownFileType = sourcecode.swift; path = Person.swift; sourceTree = "<group>"; };
		CCD03E292AB44A3D003E3579 /* Planet.swift */ = {isa = PBXFileReference; lastKnownFileType = sourcecode.swift; path = Planet.swift; sourceTree = "<group>"; };
		CCD03E2B2AB44A4E003E3579 /* Gender.swift */ = {isa = PBXFileReference; lastKnownFileType = sourcecode.swift; path = Gender.swift; sourceTree = "<group>"; };
		CCD03E2D2AB44A5D003E3579 /* ServiceProtocol.swift */ = {isa = PBXFileReference; lastKnownFileType = sourcecode.swift; path = ServiceProtocol.swift; sourceTree = "<group>"; };
		CCD03E332AB44AD6003E3579 /* ServiceCategory.swift */ = {isa = PBXFileReference; lastKnownFileType = sourcecode.swift; path = ServiceCategory.swift; sourceTree = "<group>"; };
		CCD03E352AB44B30003E3579 /* ServiceError.swift */ = {isa = PBXFileReference; lastKnownFileType = sourcecode.swift; path = ServiceError.swift; sourceTree = "<group>"; };
		CCD03E372AB44B4D003E3579 /* ServiceResponse.swift */ = {isa = PBXFileReference; lastKnownFileType = sourcecode.swift; path = ServiceResponse.swift; sourceTree = "<group>"; };
		CCD03E3A2AB44B8E003E3579 /* PeopleServices.swift */ = {isa = PBXFileReference; lastKnownFileType = sourcecode.swift; path = PeopleServices.swift; sourceTree = "<group>"; };
		CCD03E3C2AB44B9C003E3579 /* PlanetServices.swift */ = {isa = PBXFileReference; lastKnownFileType = sourcecode.swift; path = PlanetServices.swift; sourceTree = "<group>"; };
		CCD03E3E2AB44BB1003E3579 /* Services.swift */ = {isa = PBXFileReference; lastKnownFileType = sourcecode.swift; path = Services.swift; sourceTree = "<group>"; };
		CCD03E402AB45505003E3579 /* PlanetContainer.swift */ = {isa = PBXFileReference; lastKnownFileType = sourcecode.swift; path = PlanetContainer.swift; sourceTree = "<group>"; };
		CCD03E422AB45D55003E3579 /* EnumParser.swift */ = {isa = PBXFileReference; lastKnownFileType = sourcecode.swift; path = EnumParser.swift; sourceTree = "<group>"; };
/* End PBXFileReference section */

/* Begin PBXFrameworksBuildPhase section */
		CCD03E072AB43FEA003E3579 /* Frameworks */ = {
			isa = PBXFrameworksBuildPhase;
			buildActionMask = 2147483647;
			files = (
			);
			runOnlyForDeploymentPostprocessing = 0;
		};
/* End PBXFrameworksBuildPhase section */

/* Begin PBXGroup section */
		CCD03E012AB43FEA003E3579 = {
			isa = PBXGroup;
			children = (
				CCD03E0C2AB43FEA003E3579 /* WorkshopApp */,
				CCD03E0B2AB43FEA003E3579 /* Products */,
			);
			sourceTree = "<group>";
		};
		CCD03E0B2AB43FEA003E3579 /* Products */ = {
			isa = PBXGroup;
			children = (
				CCD03E0A2AB43FEA003E3579 /* WorkshopApp.app */,
			);
			name = Products;
			sourceTree = "<group>";
		};
		CCD03E0C2AB43FEA003E3579 /* WorkshopApp */ = {
			isa = PBXGroup;
			children = (
				CCD03E0D2AB43FEA003E3579 /* AppDelegate.swift */,
				CCD03E0F2AB43FEA003E3579 /* SceneDelegate.swift */,
				CCD03E262AB44A12003E3579 /* Modules */,
				CCD03E242AB449F5003E3579 /* Services */,
				CCD03E232AB449DF003E3579 /* Entities */,
				CCD03E162AB43FEB003E3579 /* Assets.xcassets */,
				CCD03E182AB43FEB003E3579 /* LaunchScreen.storyboard */,
				CCD03E1B2AB43FEB003E3579 /* Info.plist */,
			);
			path = WorkshopApp;
			sourceTree = "<group>";
		};
		CCD03E232AB449DF003E3579 /* Entities */ = {
			isa = PBXGroup;
			children = (
				CCD03E272AB44A2E003E3579 /* Person.swift */,
				CCD03E292AB44A3D003E3579 /* Planet.swift */,
				CCD03E2B2AB44A4E003E3579 /* Gender.swift */,
				CCD03E402AB45505003E3579 /* PlanetContainer.swift */,
				CCD03E422AB45D55003E3579 /* EnumParser.swift */,
			);
			path = Entities;
			sourceTree = "<group>";
		};
		CCD03E242AB449F5003E3579 /* Services */ = {
			isa = PBXGroup;
			children = (
				CCD03E252AB449FA003E3579 /* Categories */,
				CCD03E2D2AB44A5D003E3579 /* ServiceProtocol.swift */,
				CCD03E352AB44B30003E3579 /* ServiceError.swift */,
				CCD03E372AB44B4D003E3579 /* ServiceResponse.swift */,
				CCD03E3E2AB44BB1003E3579 /* Services.swift */,
			);
			path = Services;
			sourceTree = "<group>";
		};
		CCD03E252AB449FA003E3579 /* Categories */ = {
			isa = PBXGroup;
			children = (
				CCD03E332AB44AD6003E3579 /* ServiceCategory.swift */,
				CCD03E3A2AB44B8E003E3579 /* PeopleServices.swift */,
				CCD03E3C2AB44B9C003E3579 /* PlanetServices.swift */,
			);
			path = Categories;
			sourceTree = "<group>";
		};
		CCD03E262AB44A12003E3579 /* Modules */ = {
			isa = PBXGroup;
			children = (
				CCD03E112AB43FEA003E3579 /* ViewController.swift */,
				CC8B3F682AB4641800318BB2 /* ViewModel.swift */,
				CCD03E132AB43FEA003E3579 /* Main.storyboard */,
			);
			path = Modules;
			sourceTree = "<group>";
		};
/* End PBXGroup section */

/* Begin PBXNativeTarget section */
		CCD03E092AB43FEA003E3579 /* WorkshopApp */ = {
			isa = PBXNativeTarget;
			buildConfigurationList = CCD03E1E2AB43FEB003E3579 /* Build configuration list for PBXNativeTarget "WorkshopApp" */;
			buildPhases = (
				CCD03E062AB43FEA003E3579 /* Sources */,
				CCD03E072AB43FEA003E3579 /* Frameworks */,
				CCD03E082AB43FEA003E3579 /* Resources */,
			);
			buildRules = (
			);
			dependencies = (
			);
			name = WorkshopApp;
			productName = WorkshopApp;
			productReference = CCD03E0A2AB43FEA003E3579 /* WorkshopApp.app */;
			productType = "com.apple.product-type.application";
		};
/* End PBXNativeTarget section */

/* Begin PBXProject section */
		CCD03E022AB43FEA003E3579 /* Project object */ = {
			isa = PBXProject;
			attributes = {
				BuildIndependentTargetsInParallel = 1;
				LastSwiftUpdateCheck = 1430;
				LastUpgradeCheck = 1430;
				TargetAttributes = {
					CCD03E092AB43FEA003E3579 = {
						CreatedOnToolsVersion = 14.3.1;
					};
				};
			};
			buildConfigurationList = CCD03E052AB43FEA003E3579 /* Build configuration list for PBXProject "WorkshopApp" */;
			compatibilityVersion = "Xcode 14.0";
			developmentRegion = en;
			hasScannedForEncodings = 0;
			knownRegions = (
				en,
				Base,
			);
			mainGroup = CCD03E012AB43FEA003E3579;
			productRefGroup = CCD03E0B2AB43FEA003E3579 /* Products */;
			projectDirPath = "";
			projectRoot = "";
			targets = (
				CCD03E092AB43FEA003E3579 /* WorkshopApp */,
			);
		};
/* End PBXProject section */

/* Begin PBXResourcesBuildPhase section */
		CCD03E082AB43FEA003E3579 /* Resources */ = {
			isa = PBXResourcesBuildPhase;
			buildActionMask = 2147483647;
			files = (
				CCD03E1A2AB43FEB003E3579 /* LaunchScreen.storyboard in Resources */,
				CCD03E172AB43FEB003E3579 /* Assets.xcassets in Resources */,
				CCD03E152AB43FEA003E3579 /* Main.storyboard in Resources */,
			);
			runOnlyForDeploymentPostprocessing = 0;
		};
/* End PBXResourcesBuildPhase section */

/* Begin PBXSourcesBuildPhase section */
		CCD03E062AB43FEA003E3579 /* Sources */ = {
			isa = PBXSourcesBuildPhase;
			buildActionMask = 2147483647;
			files = (
				CCD03E362AB44B30003E3579 /* ServiceError.swift in Sources */,
				CCD03E282AB44A2E003E3579 /* Person.swift in Sources */,
				CCD03E342AB44AD6003E3579 /* ServiceCategory.swift in Sources */,
				CCD03E122AB43FEA003E3579 /* ViewController.swift in Sources */,
				CCD03E3D2AB44B9C003E3579 /* PlanetServices.swift in Sources */,
				CCD03E0E2AB43FEA003E3579 /* AppDelegate.swift in Sources */,
				CCD03E2E2AB44A5D003E3579 /* ServiceProtocol.swift in Sources */,
				CCD03E3B2AB44B8E003E3579 /* PeopleServices.swift in Sources */,
				CCD03E2A2AB44A3D003E3579 /* Planet.swift in Sources */,
				CCD03E382AB44B4D003E3579 /* ServiceResponse.swift in Sources */,
				CC8B3F692AB4641800318BB2 /* ViewModel.swift in Sources */,
				CCD03E102AB43FEA003E3579 /* SceneDelegate.swift in Sources */,
				CCD03E432AB45D55003E3579 /* EnumParser.swift in Sources */,
				CCD03E3F2AB44BB1003E3579 /* Services.swift in Sources */,
				CCD03E2C2AB44A4E003E3579 /* Gender.swift in Sources */,
				CCD03E412AB45505003E3579 /* PlanetContainer.swift in Sources */,
			);
			runOnlyForDeploymentPostprocessing = 0;
		};
/* End PBXSourcesBuildPhase section */

/* Begin PBXVariantGroup section */
		CCD03E132AB43FEA003E3579 /* Main.storyboard */ = {
			isa = PBXVariantGroup;
			children = (
				CCD03E142AB43FEA003E3579 /* Base */,
			);
			name = Main.storyboard;
			sourceTree = "<group>";
		};
		CCD03E182AB43FEB003E3579 /* LaunchScreen.storyboard */ = {
			isa = PBXVariantGroup;
			children = (
				CCD03E192AB43FEB003E3579 /* Base */,
			);
			name = LaunchScreen.storyboard;
			sourceTree = "<group>";
		};
/* End PBXVariantGroup section */

/* Begin XCBuildConfiguration section */
		CCD03E1C2AB43FEB003E3579 /* Debug */ = {
			isa = XCBuildConfiguration;
			buildSettings = {
				ALWAYS_SEARCH_USER_PATHS = NO;
				CLANG_ANALYZER_NONNULL = YES;
				CLANG_ANALYZER_NUMBER_OBJECT_CONVERSION = YES_AGGRESSIVE;
				CLANG_CXX_LANGUAGE_STANDARD = "gnu++20";
				CLANG_ENABLE_MODULES = YES;
				CLANG_ENABLE_OBJC_ARC = YES;
				CLANG_ENABLE_OBJC_WEAK = YES;
				CLANG_WARN_BLOCK_CAPTURE_AUTORELEASING = YES;
				CLANG_WARN_BOOL_CONVERSION = YES;
				CLANG_WARN_COMMA = YES;
				CLANG_WARN_CONSTANT_CONVERSION = YES;
				CLANG_WARN_DEPRECATED_OBJC_IMPLEMENTATIONS = YES;
				CLANG_WARN_DIRECT_OBJC_ISA_USAGE = YES_ERROR;
				CLANG_WARN_DOCUMENTATION_COMMENTS = YES;
				CLANG_WARN_EMPTY_BODY = YES;
				CLANG_WARN_ENUM_CONVERSION = YES;
				CLANG_WARN_INFINITE_RECURSION = YES;
				CLANG_WARN_INT_CONVERSION = YES;
				CLANG_WARN_NON_LITERAL_NULL_CONVERSION = YES;
				CLANG_WARN_OBJC_IMPLICIT_RETAIN_SELF = YES;
				CLANG_WARN_OBJC_LITERAL_CONVERSION = YES;
				CLANG_WARN_OBJC_ROOT_CLASS = YES_ERROR;
				CLANG_WARN_QUOTED_INCLUDE_IN_FRAMEWORK_HEADER = YES;
				CLANG_WARN_RANGE_LOOP_ANALYSIS = YES;
				CLANG_WARN_STRICT_PROTOTYPES = YES;
				CLANG_WARN_SUSPICIOUS_MOVE = YES;
				CLANG_WARN_UNGUARDED_AVAILABILITY = YES_AGGRESSIVE;
				CLANG_WARN_UNREACHABLE_CODE = YES;
				CLANG_WARN__DUPLICATE_METHOD_MATCH = YES;
				COPY_PHASE_STRIP = NO;
				DEBUG_INFORMATION_FORMAT = dwarf;
				ENABLE_STRICT_OBJC_MSGSEND = YES;
				ENABLE_TESTABILITY = YES;
				GCC_C_LANGUAGE_STANDARD = gnu11;
				GCC_DYNAMIC_NO_PIC = NO;
				GCC_NO_COMMON_BLOCKS = YES;
				GCC_OPTIMIZATION_LEVEL = 0;
				GCC_PREPROCESSOR_DEFINITIONS = (
					"DEBUG=1",
					"$(inherited)",
				);
				GCC_WARN_64_TO_32_BIT_CONVERSION = YES;
				GCC_WARN_ABOUT_RETURN_TYPE = YES_ERROR;
				GCC_WARN_UNDECLARED_SELECTOR = YES;
				GCC_WARN_UNINITIALIZED_AUTOS = YES_AGGRESSIVE;
				GCC_WARN_UNUSED_FUNCTION = YES;
				GCC_WARN_UNUSED_VARIABLE = YES;
				IPHONEOS_DEPLOYMENT_TARGET = 15.0;
				MTL_ENABLE_DEBUG_INFO = INCLUDE_SOURCE;
				MTL_FAST_MATH = YES;
				ONLY_ACTIVE_ARCH = YES;
				SDKROOT = iphoneos;
				SWIFT_ACTIVE_COMPILATION_CONDITIONS = DEBUG;
				SWIFT_OPTIMIZATION_LEVEL = "-Onone";
			};
			name = Debug;
		};
		CCD03E1D2AB43FEB003E3579 /* Release */ = {
			isa = XCBuildConfiguration;
			buildSettings = {
				ALWAYS_SEARCH_USER_PATHS = NO;
				CLANG_ANALYZER_NONNULL = YES;
				CLANG_ANALYZER_NUMBER_OBJECT_CONVERSION = YES_AGGRESSIVE;
				CLANG_CXX_LANGUAGE_STANDARD = "gnu++20";
				CLANG_ENABLE_MODULES = YES;
				CLANG_ENABLE_OBJC_ARC = YES;
				CLANG_ENABLE_OBJC_WEAK = YES;
				CLANG_WARN_BLOCK_CAPTURE_AUTORELEASING = YES;
				CLANG_WARN_BOOL_CONVERSION = YES;
				CLANG_WARN_COMMA = YES;
				CLANG_WARN_CONSTANT_CONVERSION = YES;
				CLANG_WARN_DEPRECATED_OBJC_IMPLEMENTATIONS = YES;
				CLANG_WARN_DIRECT_OBJC_ISA_USAGE = YES_ERROR;
				CLANG_WARN_DOCUMENTATION_COMMENTS = YES;
				CLANG_WARN_EMPTY_BODY = YES;
				CLANG_WARN_ENUM_CONVERSION = YES;
				CLANG_WARN_INFINITE_RECURSION = YES;
				CLANG_WARN_INT_CONVERSION = YES;
				CLANG_WARN_NON_LITERAL_NULL_CONVERSION = YES;
				CLANG_WARN_OBJC_IMPLICIT_RETAIN_SELF = YES;
				CLANG_WARN_OBJC_LITERAL_CONVERSION = YES;
				CLANG_WARN_OBJC_ROOT_CLASS = YES_ERROR;
				CLANG_WARN_QUOTED_INCLUDE_IN_FRAMEWORK_HEADER = YES;
				CLANG_WARN_RANGE_LOOP_ANALYSIS = YES;
				CLANG_WARN_STRICT_PROTOTYPES = YES;
				CLANG_WARN_SUSPICIOUS_MOVE = YES;
				CLANG_WARN_UNGUARDED_AVAILABILITY = YES_AGGRESSIVE;
				CLANG_WARN_UNREACHABLE_CODE = YES;
				CLANG_WARN__DUPLICATE_METHOD_MATCH = YES;
				COPY_PHASE_STRIP = NO;
				DEBUG_INFORMATION_FORMAT = "dwarf-with-dsym";
				ENABLE_NS_ASSERTIONS = NO;
				ENABLE_STRICT_OBJC_MSGSEND = YES;
				GCC_C_LANGUAGE_STANDARD = gnu11;
				GCC_NO_COMMON_BLOCKS = YES;
				GCC_WARN_64_TO_32_BIT_CONVERSION = YES;
				GCC_WARN_ABOUT_RETURN_TYPE = YES_ERROR;
				GCC_WARN_UNDECLARED_SELECTOR = YES;
				GCC_WARN_UNINITIALIZED_AUTOS = YES_AGGRESSIVE;
				GCC_WARN_UNUSED_FUNCTION = YES;
				GCC_WARN_UNUSED_VARIABLE = YES;
				IPHONEOS_DEPLOYMENT_TARGET = 15.0;
				MTL_ENABLE_DEBUG_INFO = NO;
				MTL_FAST_MATH = YES;
				SDKROOT = iphoneos;
				SWIFT_COMPILATION_MODE = wholemodule;
				SWIFT_OPTIMIZATION_LEVEL = "-O";
				VALIDATE_PRODUCT = YES;
			};
			name = Release;
		};
		CCD03E1F2AB43FEB003E3579 /* Debug */ = {
			isa = XCBuildConfiguration;
			buildSettings = {
				ASSETCATALOG_COMPILER_APPICON_NAME = AppIcon;
				ASSETCATALOG_COMPILER_GLOBAL_ACCENT_COLOR_NAME = AccentColor;
				CODE_SIGN_STYLE = Automatic;
				CURRENT_PROJECT_VERSION = 1;
				DEVELOPMENT_TEAM = D64RQ5DU57;
				GENERATE_INFOPLIST_FILE = YES;
				INFOPLIST_FILE = WorkshopApp/Info.plist;
				INFOPLIST_KEY_UIApplicationSupportsIndirectInputEvents = YES;
				INFOPLIST_KEY_UILaunchStoryboardName = LaunchScreen;
				INFOPLIST_KEY_UIMainStoryboardFile = Main;
				INFOPLIST_KEY_UISupportedInterfaceOrientations = UIInterfaceOrientationPortrait;
				LD_RUNPATH_SEARCH_PATHS = (
					"$(inherited)",
					"@executable_path/Frameworks",
				);
				MARKETING_VERSION = 1.0;
				PRODUCT_BUNDLE_IDENTIFIER = "com.ck-selfcode.WorkshopApp.WorkshopApp";
				PRODUCT_NAME = "$(TARGET_NAME)";
				SWIFT_EMIT_LOC_STRINGS = YES;
				SWIFT_VERSION = 5.0;
				TARGETED_DEVICE_FAMILY = "1,2";
			};
			name = Debug;
		};
		CCD03E202AB43FEB003E3579 /* Release */ = {
			isa = XCBuildConfiguration;
			buildSettings = {
				ASSETCATALOG_COMPILER_APPICON_NAME = AppIcon;
				ASSETCATALOG_COMPILER_GLOBAL_ACCENT_COLOR_NAME = AccentColor;
				CODE_SIGN_STYLE = Automatic;
				CURRENT_PROJECT_VERSION = 1;
				DEVELOPMENT_TEAM = D64RQ5DU57;
				GENERATE_INFOPLIST_FILE = YES;
				INFOPLIST_FILE = WorkshopApp/Info.plist;
				INFOPLIST_KEY_UIApplicationSupportsIndirectInputEvents = YES;
				INFOPLIST_KEY_UILaunchStoryboardName = LaunchScreen;
				INFOPLIST_KEY_UIMainStoryboardFile = Main;
				INFOPLIST_KEY_UISupportedInterfaceOrientations = UIInterfaceOrientationPortrait;
				LD_RUNPATH_SEARCH_PATHS = (
					"$(inherited)",
					"@executable_path/Frameworks",
				);
				MARKETING_VERSION = 1.0;
				PRODUCT_BUNDLE_IDENTIFIER = "com.ck-selfcode.WorkshopApp.WorkshopApp";
				PRODUCT_NAME = "$(TARGET_NAME)";
				SWIFT_EMIT_LOC_STRINGS = YES;
				SWIFT_VERSION = 5.0;
				TARGETED_DEVICE_FAMILY = "1,2";
			};
			name = Release;
		};
/* End XCBuildConfiguration section */

/* Begin XCConfigurationList section */
		CCD03E052AB43FEA003E3579 /* Build configuration list for PBXProject "WorkshopApp" */ = {
			isa = XCConfigurationList;
			buildConfigurations = (
				CCD03E1C2AB43FEB003E3579 /* Debug */,
				CCD03E1D2AB43FEB003E3579 /* Release */,
			);
			defaultConfigurationIsVisible = 0;
			defaultConfigurationName = Release;
		};
		CCD03E1E2AB43FEB003E3579 /* Build configuration list for PBXNativeTarget "WorkshopApp" */ = {
			isa = XCConfigurationList;
			buildConfigurations = (
				CCD03E1F2AB43FEB003E3579 /* Debug */,
				CCD03E202AB43FEB003E3579 /* Release */,
			);
			defaultConfigurationIsVisible = 0;
			defaultConfigurationName = Release;
		};
/* End XCConfigurationList section */
	};
	rootObject = CCD03E022AB43FEA003E3579 /* Project object */;
}
